// !$*UTF8*$!
{
	archiveVersion = 1;
	classes = {
	};
	objectVersion = 50;
	objects = {

/* Begin PBXBuildFile section */
		222D849321444D7500339920 /* CreateOrFindRide.storyboard in Resources */ = {isa = PBXBuildFile; fileRef = 222D849221444D7500339920 /* CreateOrFindRide.storyboard */; };
		222D849521444ECC00339920 /* HomeVC.swift in Sources */ = {isa = PBXBuildFile; fileRef = 222D849421444ECC00339920 /* HomeVC.swift */; };
		222D849721444EDC00339920 /* FindRideVC.swift in Sources */ = {isa = PBXBuildFile; fileRef = 222D849621444EDC00339920 /* FindRideVC.swift */; };
		222D849921444EEB00339920 /* CreateOrFindRideVC.swift in Sources */ = {isa = PBXBuildFile; fileRef = 222D849821444EEB00339920 /* CreateOrFindRideVC.swift */; };
		222D849B214450E200339920 /* UIView+Layout.swift in Sources */ = {isa = PBXBuildFile; fileRef = 222D849A214450E200339920 /* UIView+Layout.swift */; };
		222D849D2144539D00339920 /* Account.storyboard in Resources */ = {isa = PBXBuildFile; fileRef = 222D849C2144539D00339920 /* Account.storyboard */; };
		222D849F214453E000339920 /* AccountVC.swift in Sources */ = {isa = PBXBuildFile; fileRef = 222D849E214453E000339920 /* AccountVC.swift */; };
		2260EAA1214409210072C05F /* Map.storyboard in Resources */ = {isa = PBXBuildFile; fileRef = 2260EAA0214409210072C05F /* Map.storyboard */; };
		2260EAA5214409DF0072C05F /* Storyboard+ViewControllerInit.swift in Sources */ = {isa = PBXBuildFile; fileRef = 2260EAA4214409DF0072C05F /* Storyboard+ViewControllerInit.swift */; };
		2260EAB1214411660072C05F /* MapVC.swift in Sources */ = {isa = PBXBuildFile; fileRef = 2260EAAC214411660072C05F /* MapVC.swift */; };
		2260EABB214416120072C05F /* UserAPI.swift in Sources */ = {isa = PBXBuildFile; fileRef = 2260EAB8214416120072C05F /* UserAPI.swift */; };
		2260EABC214416120072C05F /* UserTarget.swift in Sources */ = {isa = PBXBuildFile; fileRef = 2260EAB9214416120072C05F /* UserTarget.swift */; };
		2260EABE214416A10072C05F /* User.swift in Sources */ = {isa = PBXBuildFile; fileRef = 2260EABD214416A10072C05F /* User.swift */; };
		2260EAC721441F790072C05F /* Login.storyboard in Resources */ = {isa = PBXBuildFile; fileRef = 2260EAC621441F790072C05F /* Login.storyboard */; };
		2260EAC9214420480072C05F /* Home.storyboard in Resources */ = {isa = PBXBuildFile; fileRef = 2260EAC8214420480072C05F /* Home.storyboard */; };
		229F36042144B80E00D087B1 /* Route.storyboard in Resources */ = {isa = PBXBuildFile; fileRef = 229F36032144B80E00D087B1 /* Route.storyboard */; };
		229F36062144B87C00D087B1 /* RouteVC.swift in Sources */ = {isa = PBXBuildFile; fileRef = 229F36052144B87C00D087B1 /* RouteVC.swift */; };
		229F36082144BE2800D087B1 /* Rides.storyboard in Resources */ = {isa = PBXBuildFile; fileRef = 229F36072144BE2800D087B1 /* Rides.storyboard */; };
		229F360C2144BEE500D087B1 /* Reusable.swift in Sources */ = {isa = PBXBuildFile; fileRef = 229F360B2144BEE500D087B1 /* Reusable.swift */; };
		229F360F2144BF1900D087B1 /* RidesVC.swift in Sources */ = {isa = PBXBuildFile; fileRef = 229F360E2144BF1900D087B1 /* RidesVC.swift */; };
		22AD05E12143EFEE00ED9F90 /* AppDelegate.swift in Sources */ = {isa = PBXBuildFile; fileRef = 22AD05E02143EFEE00ED9F90 /* AppDelegate.swift */; };
		22AD05E62143EFEE00ED9F90 /* Main.storyboard in Resources */ = {isa = PBXBuildFile; fileRef = 22AD05E42143EFEE00ED9F90 /* Main.storyboard */; };
		22AD05E82143EFEF00ED9F90 /* Assets.xcassets in Resources */ = {isa = PBXBuildFile; fileRef = 22AD05E72143EFEF00ED9F90 /* Assets.xcassets */; };
		22AD05EB2143EFEF00ED9F90 /* LaunchScreen.storyboard in Resources */ = {isa = PBXBuildFile; fileRef = 22AD05E92143EFEF00ED9F90 /* LaunchScreen.storyboard */; };
		22BD85DA214442440072FBA7 /* GoogleService-Info.plist in Resources */ = {isa = PBXBuildFile; fileRef = 22BD85D9214442440072FBA7 /* GoogleService-Info.plist */; };
		22CF84F12144C312004C47C6 /* RideCell.swift in Sources */ = {isa = PBXBuildFile; fileRef = 22CF84EF2144C312004C47C6 /* RideCell.swift */; };
		22CF84F22144C312004C47C6 /* RideCell.xib in Resources */ = {isa = PBXBuildFile; fileRef = 22CF84F02144C312004C47C6 /* RideCell.xib */; };
		22CF84F42144C73F004C47C6 /* Ride.swift in Sources */ = {isa = PBXBuildFile; fileRef = 22CF84F32144C73F004C47C6 /* Ride.swift */; };
		22CF84F62144C854004C47C6 /* Direction.swift in Sources */ = {isa = PBXBuildFile; fileRef = 22CF84F52144C854004C47C6 /* Direction.swift */; };
		22CF84F82144CA6D004C47C6 /* StepLocation.swift in Sources */ = {isa = PBXBuildFile; fileRef = 22CF84F72144CA6D004C47C6 /* StepLocation.swift */; };
		22CF84FA2144CAC4004C47C6 /* Step.swift in Sources */ = {isa = PBXBuildFile; fileRef = 22CF84F92144CAC4004C47C6 /* Step.swift */; };
		22CF84FC2144CB40004C47C6 /* Leg.swift in Sources */ = {isa = PBXBuildFile; fileRef = 22CF84FB2144CB40004C47C6 /* Leg.swift */; };
		22D80D102143F23400F5CFDF /* APIConstants.swift in Sources */ = {isa = PBXBuildFile; fileRef = 22D80BCA2143F23400F5CFDF /* APIConstants.swift */; };
		22D80D112143F23400F5CFDF /* APIProvider.swift in Sources */ = {isa = PBXBuildFile; fileRef = 22D80BCB2143F23400F5CFDF /* APIProvider.swift */; };
		22D80DCD2143F23500F5CFDF /* BaseService.swift in Sources */ = {isa = PBXBuildFile; fileRef = 22D80C892143F23400F5CFDF /* BaseService.swift */; };
		22D80DCE2143F23500F5CFDF /* APITarget.swift in Sources */ = {isa = PBXBuildFile; fileRef = 22D80C8A2143F23400F5CFDF /* APITarget.swift */; };
		22D80DCF2143F23500F5CFDF /* APIEndpoint.swift in Sources */ = {isa = PBXBuildFile; fileRef = 22D80C8B2143F23400F5CFDF /* APIEndpoint.swift */; };
		22D80DD02143F23500F5CFDF /* UserAgent.swift in Sources */ = {isa = PBXBuildFile; fileRef = 22D80C8C2143F23400F5CFDF /* UserAgent.swift */; };
		22D80DD12143F23500F5CFDF /* TrustPolicyManager.swift in Sources */ = {isa = PBXBuildFile; fileRef = 22D80C8D2143F23400F5CFDF /* TrustPolicyManager.swift */; };
		22D80E352143F83D00F5CFDF /* APIResponse.swift in Sources */ = {isa = PBXBuildFile; fileRef = 22D80E342143F83D00F5CFDF /* APIResponse.swift */; };
		22D80E372143F86000F5CFDF /* APINotifications.swift in Sources */ = {isa = PBXBuildFile; fileRef = 22D80E362143F86000F5CFDF /* APINotifications.swift */; };
		22D80E392143F89800F5CFDF /* SResponseError.swift in Sources */ = {isa = PBXBuildFile; fileRef = 22D80E382143F89800F5CFDF /* SResponseError.swift */; };
		22D80E3C2143F91B00F5CFDF /* MoyaProvider+Promise.swift in Sources */ = {isa = PBXBuildFile; fileRef = 22D80E3B2143F91B00F5CFDF /* MoyaProvider+Promise.swift */; };
		22D80E3E2143F98800F5CFDF /* UIAlertController+Present.swift in Sources */ = {isa = PBXBuildFile; fileRef = 22D80E3D2143F98800F5CFDF /* UIAlertController+Present.swift */; };
		22D80E402143F9CC00F5CFDF /* UIApplication+TopVC.swift in Sources */ = {isa = PBXBuildFile; fileRef = 22D80E3F2143F9CC00F5CFDF /* UIApplication+TopVC.swift */; };
		22D80E472143FF8E00F5CFDF /* LoginVC.swift in Sources */ = {isa = PBXBuildFile; fileRef = 22D80E462143FF8E00F5CFDF /* LoginVC.swift */; };
		22E126BD2144748F00D60385 /* Car.swift in Sources */ = {isa = PBXBuildFile; fileRef = 22E126BC2144748F00D60385 /* Car.swift */; };
		22E126BF2144750300D60385 /* Address.swift in Sources */ = {isa = PBXBuildFile; fileRef = 22E126BE2144750300D60385 /* Address.swift */; };
		22E126C22144800300D60385 /* PaddingLabel.swift in Sources */ = {isa = PBXBuildFile; fileRef = 22E126C12144800300D60385 /* PaddingLabel.swift */; };
		22E126C421448ADF00D60385 /* UIView+Animations.swift in Sources */ = {isa = PBXBuildFile; fileRef = 22E126C321448ADF00D60385 /* UIView+Animations.swift */; };
		22E126C72144A0AD00D60385 /* RideAPI.swift in Sources */ = {isa = PBXBuildFile; fileRef = 22E126C62144A0AD00D60385 /* RideAPI.swift */; };
		22E126C92144A0BA00D60385 /* RideTarget.swift in Sources */ = {isa = PBXBuildFile; fileRef = 22E126C82144A0BA00D60385 /* RideTarget.swift */; };
		22E126CB2144A2A600D60385 /* RideDTO.swift in Sources */ = {isa = PBXBuildFile; fileRef = 22E126CA2144A2A600D60385 /* RideDTO.swift */; };
		22E126CD2144A31300D60385 /* Coordinate.swift in Sources */ = {isa = PBXBuildFile; fileRef = 22E126CC2144A31300D60385 /* Coordinate.swift */; };
		22E126CF2144A52E00D60385 /* String+Dictionary.swift in Sources */ = {isa = PBXBuildFile; fileRef = 22E126CE2144A52E00D60385 /* String+Dictionary.swift */; };
		689132A9FC819B5ACEBE2A20 /* Pods_eMOVE.framework in Frameworks */ = {isa = PBXBuildFile; fileRef = 9515DAEDBAEB5C2A67116C53 /* Pods_eMOVE.framework */; };
/* End PBXBuildFile section */

/* Begin PBXFileReference section */
		222D849221444D7500339920 /* CreateOrFindRide.storyboard */ = {isa = PBXFileReference; lastKnownFileType = file.storyboard; path = CreateOrFindRide.storyboard; sourceTree = "<group>"; };
		222D849421444ECC00339920 /* HomeVC.swift */ = {isa = PBXFileReference; lastKnownFileType = sourcecode.swift; path = HomeVC.swift; sourceTree = "<group>"; };
		222D849621444EDC00339920 /* FindRideVC.swift */ = {isa = PBXFileReference; lastKnownFileType = sourcecode.swift; path = FindRideVC.swift; sourceTree = "<group>"; };
		222D849821444EEB00339920 /* CreateOrFindRideVC.swift */ = {isa = PBXFileReference; lastKnownFileType = sourcecode.swift; path = CreateOrFindRideVC.swift; sourceTree = "<group>"; };
		222D849A214450E200339920 /* UIView+Layout.swift */ = {isa = PBXFileReference; lastKnownFileType = sourcecode.swift; path = "UIView+Layout.swift"; sourceTree = "<group>"; };
		222D849C2144539D00339920 /* Account.storyboard */ = {isa = PBXFileReference; lastKnownFileType = file.storyboard; path = Account.storyboard; sourceTree = "<group>"; };
		222D849E214453E000339920 /* AccountVC.swift */ = {isa = PBXFileReference; lastKnownFileType = sourcecode.swift; path = AccountVC.swift; sourceTree = "<group>"; };
		2260EAA0214409210072C05F /* Map.storyboard */ = {isa = PBXFileReference; lastKnownFileType = file.storyboard; path = Map.storyboard; sourceTree = "<group>"; };
		2260EAA4214409DF0072C05F /* Storyboard+ViewControllerInit.swift */ = {isa = PBXFileReference; fileEncoding = 4; lastKnownFileType = sourcecode.swift; path = "Storyboard+ViewControllerInit.swift"; sourceTree = "<group>"; };
		2260EAAC214411660072C05F /* MapVC.swift */ = {isa = PBXFileReference; fileEncoding = 4; lastKnownFileType = sourcecode.swift; path = MapVC.swift; sourceTree = "<group>"; };
		2260EAB8214416120072C05F /* UserAPI.swift */ = {isa = PBXFileReference; fileEncoding = 4; lastKnownFileType = sourcecode.swift; path = UserAPI.swift; sourceTree = "<group>"; };
		2260EAB9214416120072C05F /* UserTarget.swift */ = {isa = PBXFileReference; fileEncoding = 4; lastKnownFileType = sourcecode.swift; path = UserTarget.swift; sourceTree = "<group>"; };
		2260EABD214416A10072C05F /* User.swift */ = {isa = PBXFileReference; lastKnownFileType = sourcecode.swift; path = User.swift; sourceTree = "<group>"; };
		2260EAC621441F790072C05F /* Login.storyboard */ = {isa = PBXFileReference; lastKnownFileType = file.storyboard; path = Login.storyboard; sourceTree = "<group>"; };
		2260EAC8214420480072C05F /* Home.storyboard */ = {isa = PBXFileReference; lastKnownFileType = file.storyboard; path = Home.storyboard; sourceTree = "<group>"; };
		229F36032144B80E00D087B1 /* Route.storyboard */ = {isa = PBXFileReference; lastKnownFileType = file.storyboard; path = Route.storyboard; sourceTree = "<group>"; };
		229F36052144B87C00D087B1 /* RouteVC.swift */ = {isa = PBXFileReference; lastKnownFileType = sourcecode.swift; path = RouteVC.swift; sourceTree = "<group>"; };
		229F36072144BE2800D087B1 /* Rides.storyboard */ = {isa = PBXFileReference; lastKnownFileType = file.storyboard; path = Rides.storyboard; sourceTree = "<group>"; };
		229F360B2144BEE500D087B1 /* Reusable.swift */ = {isa = PBXFileReference; lastKnownFileType = sourcecode.swift; path = Reusable.swift; sourceTree = "<group>"; };
		229F360E2144BF1900D087B1 /* RidesVC.swift */ = {isa = PBXFileReference; fileEncoding = 4; lastKnownFileType = sourcecode.swift; path = RidesVC.swift; sourceTree = "<group>"; };
		22AD05DD2143EFEE00ED9F90 /* eMOVE.app */ = {isa = PBXFileReference; explicitFileType = wrapper.application; includeInIndex = 0; path = eMOVE.app; sourceTree = BUILT_PRODUCTS_DIR; };
		22AD05E02143EFEE00ED9F90 /* AppDelegate.swift */ = {isa = PBXFileReference; lastKnownFileType = sourcecode.swift; path = AppDelegate.swift; sourceTree = "<group>"; };
		22AD05E52143EFEE00ED9F90 /* Base */ = {isa = PBXFileReference; lastKnownFileType = file.storyboard; name = Base; path = Base.lproj/Main.storyboard; sourceTree = "<group>"; };
		22AD05E72143EFEF00ED9F90 /* Assets.xcassets */ = {isa = PBXFileReference; lastKnownFileType = folder.assetcatalog; path = Assets.xcassets; sourceTree = "<group>"; };
		22AD05EA2143EFEF00ED9F90 /* Base */ = {isa = PBXFileReference; lastKnownFileType = file.storyboard; name = Base; path = Base.lproj/LaunchScreen.storyboard; sourceTree = "<group>"; };
		22AD05EC2143EFEF00ED9F90 /* Info.plist */ = {isa = PBXFileReference; lastKnownFileType = text.plist.xml; path = Info.plist; sourceTree = "<group>"; };
		22BD85D9214442440072FBA7 /* GoogleService-Info.plist */ = {isa = PBXFileReference; fileEncoding = 4; lastKnownFileType = text.plist.xml; path = "GoogleService-Info.plist"; sourceTree = "<group>"; };
		22CF84EF2144C312004C47C6 /* RideCell.swift */ = {isa = PBXFileReference; fileEncoding = 4; lastKnownFileType = sourcecode.swift; path = RideCell.swift; sourceTree = "<group>"; };
		22CF84F02144C312004C47C6 /* RideCell.xib */ = {isa = PBXFileReference; fileEncoding = 4; lastKnownFileType = file.xib; path = RideCell.xib; sourceTree = "<group>"; };
		22CF84F32144C73F004C47C6 /* Ride.swift */ = {isa = PBXFileReference; lastKnownFileType = sourcecode.swift; path = Ride.swift; sourceTree = "<group>"; };
		22CF84F52144C854004C47C6 /* Direction.swift */ = {isa = PBXFileReference; lastKnownFileType = sourcecode.swift; path = Direction.swift; sourceTree = "<group>"; };
		22CF84F72144CA6D004C47C6 /* StepLocation.swift */ = {isa = PBXFileReference; lastKnownFileType = sourcecode.swift; path = StepLocation.swift; sourceTree = "<group>"; };
		22CF84F92144CAC4004C47C6 /* Step.swift */ = {isa = PBXFileReference; lastKnownFileType = sourcecode.swift; path = Step.swift; sourceTree = "<group>"; };
		22CF84FB2144CB40004C47C6 /* Leg.swift */ = {isa = PBXFileReference; lastKnownFileType = sourcecode.swift; path = Leg.swift; sourceTree = "<group>"; };
		22D80BCA2143F23400F5CFDF /* APIConstants.swift */ = {isa = PBXFileReference; fileEncoding = 4; lastKnownFileType = sourcecode.swift; path = APIConstants.swift; sourceTree = "<group>"; };
		22D80BCB2143F23400F5CFDF /* APIProvider.swift */ = {isa = PBXFileReference; fileEncoding = 4; lastKnownFileType = sourcecode.swift; path = APIProvider.swift; sourceTree = "<group>"; };
		22D80C892143F23400F5CFDF /* BaseService.swift */ = {isa = PBXFileReference; fileEncoding = 4; lastKnownFileType = sourcecode.swift; path = BaseService.swift; sourceTree = "<group>"; };
		22D80C8A2143F23400F5CFDF /* APITarget.swift */ = {isa = PBXFileReference; fileEncoding = 4; lastKnownFileType = sourcecode.swift; path = APITarget.swift; sourceTree = "<group>"; };
		22D80C8B2143F23400F5CFDF /* APIEndpoint.swift */ = {isa = PBXFileReference; fileEncoding = 4; lastKnownFileType = sourcecode.swift; path = APIEndpoint.swift; sourceTree = "<group>"; };
		22D80C8C2143F23400F5CFDF /* UserAgent.swift */ = {isa = PBXFileReference; fileEncoding = 4; lastKnownFileType = sourcecode.swift; path = UserAgent.swift; sourceTree = "<group>"; };
		22D80C8D2143F23400F5CFDF /* TrustPolicyManager.swift */ = {isa = PBXFileReference; fileEncoding = 4; lastKnownFileType = sourcecode.swift; path = TrustPolicyManager.swift; sourceTree = "<group>"; };
		22D80E342143F83D00F5CFDF /* APIResponse.swift */ = {isa = PBXFileReference; fileEncoding = 4; lastKnownFileType = sourcecode.swift; path = APIResponse.swift; sourceTree = "<group>"; };
		22D80E362143F86000F5CFDF /* APINotifications.swift */ = {isa = PBXFileReference; fileEncoding = 4; lastKnownFileType = sourcecode.swift; path = APINotifications.swift; sourceTree = "<group>"; };
		22D80E382143F89800F5CFDF /* SResponseError.swift */ = {isa = PBXFileReference; fileEncoding = 4; lastKnownFileType = sourcecode.swift; path = SResponseError.swift; sourceTree = "<group>"; };
		22D80E3B2143F91B00F5CFDF /* MoyaProvider+Promise.swift */ = {isa = PBXFileReference; fileEncoding = 4; lastKnownFileType = sourcecode.swift; path = "MoyaProvider+Promise.swift"; sourceTree = "<group>"; };
		22D80E3D2143F98800F5CFDF /* UIAlertController+Present.swift */ = {isa = PBXFileReference; fileEncoding = 4; lastKnownFileType = sourcecode.swift; path = "UIAlertController+Present.swift"; sourceTree = "<group>"; };
		22D80E3F2143F9CC00F5CFDF /* UIApplication+TopVC.swift */ = {isa = PBXFileReference; fileEncoding = 4; lastKnownFileType = sourcecode.swift; path = "UIApplication+TopVC.swift"; sourceTree = "<group>"; };
		22D80E462143FF8E00F5CFDF /* LoginVC.swift */ = {isa = PBXFileReference; lastKnownFileType = sourcecode.swift; path = LoginVC.swift; sourceTree = "<group>"; };
		22E126BC2144748F00D60385 /* Car.swift */ = {isa = PBXFileReference; lastKnownFileType = sourcecode.swift; path = Car.swift; sourceTree = "<group>"; };
		22E126BE2144750300D60385 /* Address.swift */ = {isa = PBXFileReference; lastKnownFileType = sourcecode.swift; path = Address.swift; sourceTree = "<group>"; };
		22E126C12144800300D60385 /* PaddingLabel.swift */ = {isa = PBXFileReference; fileEncoding = 4; lastKnownFileType = sourcecode.swift; path = PaddingLabel.swift; sourceTree = "<group>"; };
		22E126C321448ADF00D60385 /* UIView+Animations.swift */ = {isa = PBXFileReference; lastKnownFileType = sourcecode.swift; path = "UIView+Animations.swift"; sourceTree = "<group>"; };
		22E126C62144A0AD00D60385 /* RideAPI.swift */ = {isa = PBXFileReference; lastKnownFileType = sourcecode.swift; path = RideAPI.swift; sourceTree = "<group>"; };
		22E126C82144A0BA00D60385 /* RideTarget.swift */ = {isa = PBXFileReference; lastKnownFileType = sourcecode.swift; path = RideTarget.swift; sourceTree = "<group>"; };
		22E126CA2144A2A600D60385 /* RideDTO.swift */ = {isa = PBXFileReference; lastKnownFileType = sourcecode.swift; path = RideDTO.swift; sourceTree = "<group>"; };
		22E126CC2144A31300D60385 /* Coordinate.swift */ = {isa = PBXFileReference; lastKnownFileType = sourcecode.swift; path = Coordinate.swift; sourceTree = "<group>"; };
		22E126CE2144A52E00D60385 /* String+Dictionary.swift */ = {isa = PBXFileReference; lastKnownFileType = sourcecode.swift; path = "String+Dictionary.swift"; sourceTree = "<group>"; };
		33DFA3B184E17E7B31EA859C /* Pods-eMOVE.release.xcconfig */ = {isa = PBXFileReference; includeInIndex = 1; lastKnownFileType = text.xcconfig; name = "Pods-eMOVE.release.xcconfig"; path = "Pods/Target Support Files/Pods-eMOVE/Pods-eMOVE.release.xcconfig"; sourceTree = "<group>"; };
		9515DAEDBAEB5C2A67116C53 /* Pods_eMOVE.framework */ = {isa = PBXFileReference; explicitFileType = wrapper.framework; includeInIndex = 0; path = Pods_eMOVE.framework; sourceTree = BUILT_PRODUCTS_DIR; };
		B7025003403A272C235DE6BE /* Pods-eMOVE.debug.xcconfig */ = {isa = PBXFileReference; includeInIndex = 1; lastKnownFileType = text.xcconfig; name = "Pods-eMOVE.debug.xcconfig"; path = "Pods/Target Support Files/Pods-eMOVE/Pods-eMOVE.debug.xcconfig"; sourceTree = "<group>"; };
/* End PBXFileReference section */

/* Begin PBXFrameworksBuildPhase section */
		22AD05DA2143EFEE00ED9F90 /* Frameworks */ = {
			isa = PBXFrameworksBuildPhase;
			buildActionMask = 2147483647;
			files = (
				689132A9FC819B5ACEBE2A20 /* Pods_eMOVE.framework in Frameworks */,
			);
			runOnlyForDeploymentPostprocessing = 0;
		};
/* End PBXFrameworksBuildPhase section */

/* Begin PBXGroup section */
		2260EA9F214408D50072C05F /* Storyboards */ = {
			isa = PBXGroup;
			children = (
				2260EAC621441F790072C05F /* Login.storyboard */,
				2260EAC8214420480072C05F /* Home.storyboard */,
				2260EAA0214409210072C05F /* Map.storyboard */,
				222D849221444D7500339920 /* CreateOrFindRide.storyboard */,
				222D849C2144539D00339920 /* Account.storyboard */,
				229F36032144B80E00D087B1 /* Route.storyboard */,
				229F36072144BE2800D087B1 /* Rides.storyboard */,
			);
			path = Storyboards;
			sourceTree = "<group>";
		};
		2260EAAB214411660072C05F /* Map */ = {
			isa = PBXGroup;
			children = (
				2260EAAC214411660072C05F /* MapVC.swift */,
			);
			path = Map;
			sourceTree = "<group>";
		};
		2260EAB5214415FF0072C05F /* Services */ = {
			isa = PBXGroup;
			children = (
				22E126C52144A09200D60385 /* Ride */,
				2260EAB6214416120072C05F /* User */,
			);
			path = Services;
			sourceTree = "<group>";
		};
		2260EAB6214416120072C05F /* User */ = {
			isa = PBXGroup;
			children = (
				2260EAB8214416120072C05F /* UserAPI.swift */,
				2260EAB9214416120072C05F /* UserTarget.swift */,
			);
			path = User;
			sourceTree = "<group>";
		};
		2260EAC121441D160072C05F /* Managers */ = {
			isa = PBXGroup;
			children = (
			);
			path = Managers;
			sourceTree = "<group>";
		};
		229F360D2144BF1900D087B1 /* Rides */ = {
			isa = PBXGroup;
			children = (
				229F360E2144BF1900D087B1 /* RidesVC.swift */,
				22CF84EE2144C312004C47C6 /* RideCell */,
			);
			path = Rides;
			sourceTree = "<group>";
		};
		22AD05D42143EFEE00ED9F90 = {
			isa = PBXGroup;
			children = (
				22AD05DF2143EFEE00ED9F90 /* eMOVE */,
				22AD05DE2143EFEE00ED9F90 /* Products */,
				FC2EE9AEDC1F1DE94CE15E4E /* Pods */,
				FD91F3DCAD45772D8FDBF521 /* Frameworks */,
			);
			sourceTree = "<group>";
		};
		22AD05DE2143EFEE00ED9F90 /* Products */ = {
			isa = PBXGroup;
			children = (
				22AD05DD2143EFEE00ED9F90 /* eMOVE.app */,
			);
			name = Products;
			sourceTree = "<group>";
		};
		22AD05DF2143EFEE00ED9F90 /* eMOVE */ = {
			isa = PBXGroup;
			children = (
				2260EAC121441D160072C05F /* Managers */,
				22D80BC72143F23400F5CFDF /* Networking */,
				2260EA9F214408D50072C05F /* Storyboards */,
				22D80E432143FF6D00F5CFDF /* Screens */,
				22D80E3A2143F91B00F5CFDF /* Extensions */,
				22E126C02144800300D60385 /* Subclasses */,
				22AD05E02143EFEE00ED9F90 /* AppDelegate.swift */,
				22AD05E42143EFEE00ED9F90 /* Main.storyboard */,
				22AD05E72143EFEF00ED9F90 /* Assets.xcassets */,
				22AD05E92143EFEF00ED9F90 /* LaunchScreen.storyboard */,
				22AD05EC2143EFEF00ED9F90 /* Info.plist */,
				22BD85D9214442440072FBA7 /* GoogleService-Info.plist */,
			);
			path = eMOVE;
			sourceTree = "<group>";
		};
		22CF84EE2144C312004C47C6 /* RideCell */ = {
			isa = PBXGroup;
			children = (
				22CF84EF2144C312004C47C6 /* RideCell.swift */,
				22CF84F02144C312004C47C6 /* RideCell.xib */,
			);
			path = RideCell;
			sourceTree = "<group>";
		};
		22D80BC72143F23400F5CFDF /* Networking */ = {
			isa = PBXGroup;
			children = (
				2260EAB5214415FF0072C05F /* Services */,
				22D80E332143F83D00F5CFDF /* Models */,
				22D80BCA2143F23400F5CFDF /* APIConstants.swift */,
				22D80BCB2143F23400F5CFDF /* APIProvider.swift */,
				22D80C892143F23400F5CFDF /* BaseService.swift */,
				22D80C8A2143F23400F5CFDF /* APITarget.swift */,
				22D80C8C2143F23400F5CFDF /* UserAgent.swift */,
				22D80C8B2143F23400F5CFDF /* APIEndpoint.swift */,
				22D80C8D2143F23400F5CFDF /* TrustPolicyManager.swift */,
			);
			path = Networking;
			sourceTree = "<group>";
		};
		22D80E332143F83D00F5CFDF /* Models */ = {
			isa = PBXGroup;
			children = (
				22D80E382143F89800F5CFDF /* SResponseError.swift */,
				22D80E362143F86000F5CFDF /* APINotifications.swift */,
				22D80E342143F83D00F5CFDF /* APIResponse.swift */,
				2260EABD214416A10072C05F /* User.swift */,
				22E126BC2144748F00D60385 /* Car.swift */,
				22E126BE2144750300D60385 /* Address.swift */,
				22E126CA2144A2A600D60385 /* RideDTO.swift */,
				22E126CC2144A31300D60385 /* Coordinate.swift */,
				22CF84F32144C73F004C47C6 /* Ride.swift */,
				22CF84F52144C854004C47C6 /* Direction.swift */,
				22CF84FB2144CB40004C47C6 /* Leg.swift */,
				22CF84F92144CAC4004C47C6 /* Step.swift */,
				22CF84F72144CA6D004C47C6 /* StepLocation.swift */,
			);
			path = Models;
			sourceTree = "<group>";
		};
		22D80E3A2143F91B00F5CFDF /* Extensions */ = {
			isa = PBXGroup;
			children = (
				2260EAA4214409DF0072C05F /* Storyboard+ViewControllerInit.swift */,
				22D80E3D2143F98800F5CFDF /* UIAlertController+Present.swift */,
				22D80E3B2143F91B00F5CFDF /* MoyaProvider+Promise.swift */,
				22D80E3F2143F9CC00F5CFDF /* UIApplication+TopVC.swift */,
				222D849A214450E200339920 /* UIView+Layout.swift */,
				22E126C321448ADF00D60385 /* UIView+Animations.swift */,
				22E126CE2144A52E00D60385 /* String+Dictionary.swift */,
				229F360B2144BEE500D087B1 /* Reusable.swift */,
			);
			path = Extensions;
			sourceTree = "<group>";
		};
		22D80E432143FF6D00F5CFDF /* Screens */ = {
			isa = PBXGroup;
			children = (
				229F360D2144BF1900D087B1 /* Rides */,
				2260EAAB214411660072C05F /* Map */,
				22D80E462143FF8E00F5CFDF /* LoginVC.swift */,
				222D849421444ECC00339920 /* HomeVC.swift */,
				222D849621444EDC00339920 /* FindRideVC.swift */,
				222D849821444EEB00339920 /* CreateOrFindRideVC.swift */,
				222D849E214453E000339920 /* AccountVC.swift */,
				229F36052144B87C00D087B1 /* RouteVC.swift */,
			);
			path = Screens;
			sourceTree = "<group>";
		};
		22E126C02144800300D60385 /* Subclasses */ = {
			isa = PBXGroup;
			children = (
				22E126C12144800300D60385 /* PaddingLabel.swift */,
			);
			path = Subclasses;
			sourceTree = "<group>";
		};
		22E126C52144A09200D60385 /* Ride */ = {
			isa = PBXGroup;
			children = (
				22E126C62144A0AD00D60385 /* RideAPI.swift */,
				22E126C82144A0BA00D60385 /* RideTarget.swift */,
			);
			path = Ride;
			sourceTree = "<group>";
		};
		FC2EE9AEDC1F1DE94CE15E4E /* Pods */ = {
			isa = PBXGroup;
			children = (
				B7025003403A272C235DE6BE /* Pods-eMOVE.debug.xcconfig */,
				33DFA3B184E17E7B31EA859C /* Pods-eMOVE.release.xcconfig */,
			);
			name = Pods;
			sourceTree = "<group>";
		};
		FD91F3DCAD45772D8FDBF521 /* Frameworks */ = {
			isa = PBXGroup;
			children = (
				9515DAEDBAEB5C2A67116C53 /* Pods_eMOVE.framework */,
			);
			name = Frameworks;
			sourceTree = "<group>";
		};
/* End PBXGroup section */

/* Begin PBXNativeTarget section */
		22AD05DC2143EFEE00ED9F90 /* eMOVE */ = {
			isa = PBXNativeTarget;
			buildConfigurationList = 22AD05EF2143EFEF00ED9F90 /* Build configuration list for PBXNativeTarget "eMOVE" */;
			buildPhases = (
				6DA45B45BA7E0FB8368023B3 /* [CP] Check Pods Manifest.lock */,
				22AD05D92143EFEE00ED9F90 /* Sources */,
				22AD05DA2143EFEE00ED9F90 /* Frameworks */,
				22AD05DB2143EFEE00ED9F90 /* Resources */,
				F7CD9D9EB06D22A8424FDD1C /* [CP] Embed Pods Frameworks */,
				029BF782AD8989639587D0EE /* [CP] Copy Pods Resources */,
			);
			buildRules = (
			);
			dependencies = (
			);
			name = eMOVE;
			productName = eMOVE;
			productReference = 22AD05DD2143EFEE00ED9F90 /* eMOVE.app */;
			productType = "com.apple.product-type.application";
		};
/* End PBXNativeTarget section */

/* Begin PBXProject section */
		22AD05D52143EFEE00ED9F90 /* Project object */ = {
			isa = PBXProject;
			attributes = {
				LastSwiftUpdateCheck = 0930;
				LastUpgradeCheck = 0930;
				ORGANIZATIONNAME = "Bogdan Matasaru";
				TargetAttributes = {
					22AD05DC2143EFEE00ED9F90 = {
						CreatedOnToolsVersion = 9.3.1;
					};
				};
			};
			buildConfigurationList = 22AD05D82143EFEE00ED9F90 /* Build configuration list for PBXProject "eMOVE" */;
			compatibilityVersion = "Xcode 9.3";
			developmentRegion = en;
			hasScannedForEncodings = 0;
			knownRegions = (
				en,
				Base,
			);
			mainGroup = 22AD05D42143EFEE00ED9F90;
			productRefGroup = 22AD05DE2143EFEE00ED9F90 /* Products */;
			projectDirPath = "";
			projectRoot = "";
			targets = (
				22AD05DC2143EFEE00ED9F90 /* eMOVE */,
			);
		};
/* End PBXProject section */

/* Begin PBXResourcesBuildPhase section */
		22AD05DB2143EFEE00ED9F90 /* Resources */ = {
			isa = PBXResourcesBuildPhase;
			buildActionMask = 2147483647;
			files = (
				222D849321444D7500339920 /* CreateOrFindRide.storyboard in Resources */,
				22AD05EB2143EFEF00ED9F90 /* LaunchScreen.storyboard in Resources */,
				229F36082144BE2800D087B1 /* Rides.storyboard in Resources */,
				222D849D2144539D00339920 /* Account.storyboard in Resources */,
				22AD05E82143EFEF00ED9F90 /* Assets.xcassets in Resources */,
				22AD05E62143EFEE00ED9F90 /* Main.storyboard in Resources */,
				2260EAC9214420480072C05F /* Home.storyboard in Resources */,
				229F36042144B80E00D087B1 /* Route.storyboard in Resources */,
				2260EAC721441F790072C05F /* Login.storyboard in Resources */,
				22CF84F22144C312004C47C6 /* RideCell.xib in Resources */,
				2260EAA1214409210072C05F /* Map.storyboard in Resources */,
				22BD85DA214442440072FBA7 /* GoogleService-Info.plist in Resources */,
			);
			runOnlyForDeploymentPostprocessing = 0;
		};
/* End PBXResourcesBuildPhase section */

/* Begin PBXShellScriptBuildPhase section */
		029BF782AD8989639587D0EE /* [CP] Copy Pods Resources */ = {
			isa = PBXShellScriptBuildPhase;
			buildActionMask = 2147483647;
			files = (
			);
			inputPaths = (
				"${SRCROOT}/Pods/Target Support Files/Pods-eMOVE/Pods-eMOVE-resources.sh",
				"${PODS_ROOT}/GoogleMaps/Maps/Frameworks/GoogleMaps.framework/Resources/GoogleMaps.bundle",
			);
			name = "[CP] Copy Pods Resources";
			outputPaths = (
				"${TARGET_BUILD_DIR}/${UNLOCALIZED_RESOURCES_FOLDER_PATH}/GoogleMaps.bundle",
			);
			runOnlyForDeploymentPostprocessing = 0;
			shellPath = /bin/sh;
			shellScript = "\"${SRCROOT}/Pods/Target Support Files/Pods-eMOVE/Pods-eMOVE-resources.sh\"\n";
			showEnvVarsInLog = 0;
		};
		6DA45B45BA7E0FB8368023B3 /* [CP] Check Pods Manifest.lock */ = {
			isa = PBXShellScriptBuildPhase;
			buildActionMask = 2147483647;
			files = (
			);
			inputPaths = (
				"${PODS_PODFILE_DIR_PATH}/Podfile.lock",
				"${PODS_ROOT}/Manifest.lock",
			);
			name = "[CP] Check Pods Manifest.lock";
			outputPaths = (
				"$(DERIVED_FILE_DIR)/Pods-eMOVE-checkManifestLockResult.txt",
			);
			runOnlyForDeploymentPostprocessing = 0;
			shellPath = /bin/sh;
			shellScript = "diff \"${PODS_PODFILE_DIR_PATH}/Podfile.lock\" \"${PODS_ROOT}/Manifest.lock\" > /dev/null\nif [ $? != 0 ] ; then\n    # print error to STDERR\n    echo \"error: The sandbox is not in sync with the Podfile.lock. Run 'pod install' or update your CocoaPods installation.\" >&2\n    exit 1\nfi\n# This output is used by Xcode 'outputs' to avoid re-running this script phase.\necho \"SUCCESS\" > \"${SCRIPT_OUTPUT_FILE_0}\"\n";
			showEnvVarsInLog = 0;
		};
		F7CD9D9EB06D22A8424FDD1C /* [CP] Embed Pods Frameworks */ = {
			isa = PBXShellScriptBuildPhase;
			buildActionMask = 2147483647;
			files = (
			);
			inputPaths = (
				"${SRCROOT}/Pods/Target Support Files/Pods-eMOVE/Pods-eMOVE-frameworks.sh",
				"${BUILT_PRODUCTS_DIR}/Alamofire/Alamofire.framework",
				"${BUILT_PRODUCTS_DIR}/AssistantKit/AssistantKit.framework",
				"${BUILT_PRODUCTS_DIR}/Bolts/Bolts.framework",
				"${BUILT_PRODUCTS_DIR}/FBSDKCoreKit/FBSDKCoreKit.framework",
				"${BUILT_PRODUCTS_DIR}/FBSDKLoginKit/FBSDKLoginKit.framework",
				"${BUILT_PRODUCTS_DIR}/FBSDKShareKit/FBSDKShareKit.framework",
				"${BUILT_PRODUCTS_DIR}/FacebookCore/FacebookCore.framework",
				"${BUILT_PRODUCTS_DIR}/FacebookLogin/FacebookLogin.framework",
				"${BUILT_PRODUCTS_DIR}/FacebookShare/FacebookShare.framework",
				"${BUILT_PRODUCTS_DIR}/GoogleToolboxForMac/GoogleToolboxForMac.framework",
				"${BUILT_PRODUCTS_DIR}/IQKeyboardManagerSwift/IQKeyboardManagerSwift.framework",
				"${BUILT_PRODUCTS_DIR}/Kingfisher/Kingfisher.framework",
				"${BUILT_PRODUCTS_DIR}/Moya/Moya.framework",
				"${BUILT_PRODUCTS_DIR}/NVActivityIndicatorView/NVActivityIndicatorView.framework",
				"${BUILT_PRODUCTS_DIR}/ObjectMapper/ObjectMapper.framework",
				"${BUILT_PRODUCTS_DIR}/Polyline/Polyline.framework",
				"${BUILT_PRODUCTS_DIR}/PromiseKit/PromiseKit.framework",
				"${BUILT_PRODUCTS_DIR}/ReachabilitySwift/Reachability.framework",
				"${BUILT_PRODUCTS_DIR}/Result/Result.framework",
				"${BUILT_PRODUCTS_DIR}/Simple-KeychainSwift/Simple_KeychainSwift.framework",
				"${BUILT_PRODUCTS_DIR}/SkyFloatingLabelTextField/SkyFloatingLabelTextField.framework",
				"${BUILT_PRODUCTS_DIR}/SwiftyUUID/SwiftyUUID.framework",
				"${BUILT_PRODUCTS_DIR}/SwiftyUserDefaults/SwiftyUserDefaults.framework",
				"${BUILT_PRODUCTS_DIR}/TLFloatLabelTextField/TLFloatLabelTextField.framework",
				"${BUILT_PRODUCTS_DIR}/TimePicker/TimePicker.framework",
				"${BUILT_PRODUCTS_DIR}/leveldb-library/leveldb.framework",
				"${BUILT_PRODUCTS_DIR}/nanopb/nanopb.framework",
			);
			name = "[CP] Embed Pods Frameworks";
			outputPaths = (
				"${TARGET_BUILD_DIR}/${FRAMEWORKS_FOLDER_PATH}/Alamofire.framework",
				"${TARGET_BUILD_DIR}/${FRAMEWORKS_FOLDER_PATH}/AssistantKit.framework",
				"${TARGET_BUILD_DIR}/${FRAMEWORKS_FOLDER_PATH}/Bolts.framework",
				"${TARGET_BUILD_DIR}/${FRAMEWORKS_FOLDER_PATH}/FBSDKCoreKit.framework",
				"${TARGET_BUILD_DIR}/${FRAMEWORKS_FOLDER_PATH}/FBSDKLoginKit.framework",
				"${TARGET_BUILD_DIR}/${FRAMEWORKS_FOLDER_PATH}/FBSDKShareKit.framework",
				"${TARGET_BUILD_DIR}/${FRAMEWORKS_FOLDER_PATH}/FacebookCore.framework",
				"${TARGET_BUILD_DIR}/${FRAMEWORKS_FOLDER_PATH}/FacebookLogin.framework",
				"${TARGET_BUILD_DIR}/${FRAMEWORKS_FOLDER_PATH}/FacebookShare.framework",
				"${TARGET_BUILD_DIR}/${FRAMEWORKS_FOLDER_PATH}/GoogleToolboxForMac.framework",
				"${TARGET_BUILD_DIR}/${FRAMEWORKS_FOLDER_PATH}/IQKeyboardManagerSwift.framework",
				"${TARGET_BUILD_DIR}/${FRAMEWORKS_FOLDER_PATH}/Kingfisher.framework",
				"${TARGET_BUILD_DIR}/${FRAMEWORKS_FOLDER_PATH}/Moya.framework",
				"${TARGET_BUILD_DIR}/${FRAMEWORKS_FOLDER_PATH}/NVActivityIndicatorView.framework",
				"${TARGET_BUILD_DIR}/${FRAMEWORKS_FOLDER_PATH}/ObjectMapper.framework",
				"${TARGET_BUILD_DIR}/${FRAMEWORKS_FOLDER_PATH}/Polyline.framework",
				"${TARGET_BUILD_DIR}/${FRAMEWORKS_FOLDER_PATH}/PromiseKit.framework",
				"${TARGET_BUILD_DIR}/${FRAMEWORKS_FOLDER_PATH}/Reachability.framework",
				"${TARGET_BUILD_DIR}/${FRAMEWORKS_FOLDER_PATH}/Result.framework",
				"${TARGET_BUILD_DIR}/${FRAMEWORKS_FOLDER_PATH}/Simple_KeychainSwift.framework",
				"${TARGET_BUILD_DIR}/${FRAMEWORKS_FOLDER_PATH}/SkyFloatingLabelTextField.framework",
				"${TARGET_BUILD_DIR}/${FRAMEWORKS_FOLDER_PATH}/SwiftyUUID.framework",
				"${TARGET_BUILD_DIR}/${FRAMEWORKS_FOLDER_PATH}/SwiftyUserDefaults.framework",
				"${TARGET_BUILD_DIR}/${FRAMEWORKS_FOLDER_PATH}/TLFloatLabelTextField.framework",
				"${TARGET_BUILD_DIR}/${FRAMEWORKS_FOLDER_PATH}/TimePicker.framework",
				"${TARGET_BUILD_DIR}/${FRAMEWORKS_FOLDER_PATH}/leveldb.framework",
				"${TARGET_BUILD_DIR}/${FRAMEWORKS_FOLDER_PATH}/nanopb.framework",
			);
			runOnlyForDeploymentPostprocessing = 0;
			shellPath = /bin/sh;
			shellScript = "\"${SRCROOT}/Pods/Target Support Files/Pods-eMOVE/Pods-eMOVE-frameworks.sh\"\n";
			showEnvVarsInLog = 0;
		};
/* End PBXShellScriptBuildPhase section */

/* Begin PBXSourcesBuildPhase section */
		22AD05D92143EFEE00ED9F90 /* Sources */ = {
			isa = PBXSourcesBuildPhase;
			buildActionMask = 2147483647;
			files = (
				229F360C2144BEE500D087B1 /* Reusable.swift in Sources */,
				22D80E3E2143F98800F5CFDF /* UIAlertController+Present.swift in Sources */,
				229F36062144B87C00D087B1 /* RouteVC.swift in Sources */,
				22CF84F12144C312004C47C6 /* RideCell.swift in Sources */,
				222D849F214453E000339920 /* AccountVC.swift in Sources */,
				22CF84F42144C73F004C47C6 /* Ride.swift in Sources */,
				2260EABB214416120072C05F /* UserAPI.swift in Sources */,
				22D80DCF2143F23500F5CFDF /* APIEndpoint.swift in Sources */,
				22E126BD2144748F00D60385 /* Car.swift in Sources */,
				22E126CD2144A31300D60385 /* Coordinate.swift in Sources */,
				22D80D102143F23400F5CFDF /* APIConstants.swift in Sources */,
				22D80E402143F9CC00F5CFDF /* UIApplication+TopVC.swift in Sources */,
				2260EAB1214411660072C05F /* MapVC.swift in Sources */,
				22E126C22144800300D60385 /* PaddingLabel.swift in Sources */,
				22CF84F82144CA6D004C47C6 /* StepLocation.swift in Sources */,
				22D80E392143F89800F5CFDF /* SResponseError.swift in Sources */,
				22D80E352143F83D00F5CFDF /* APIResponse.swift in Sources */,
				22CF84FA2144CAC4004C47C6 /* Step.swift in Sources */,
				2260EABE214416A10072C05F /* User.swift in Sources */,
				22CF84FC2144CB40004C47C6 /* Leg.swift in Sources */,
				2260EAA5214409DF0072C05F /* Storyboard+ViewControllerInit.swift in Sources */,
				22AD05E12143EFEE00ED9F90 /* AppDelegate.swift in Sources */,
				22D80DD02143F23500F5CFDF /* UserAgent.swift in Sources */,
				22D80E3C2143F91B00F5CFDF /* MoyaProvider+Promise.swift in Sources */,
				22D80DCE2143F23500F5CFDF /* APITarget.swift in Sources */,
				2260EABC214416120072C05F /* UserTarget.swift in Sources */,
				22E126C92144A0BA00D60385 /* RideTarget.swift in Sources */,
				22E126CB2144A2A600D60385 /* RideDTO.swift in Sources */,
				222D849721444EDC00339920 /* FindRideVC.swift in Sources */,
				22E126BF2144750300D60385 /* Address.swift in Sources */,
				222D849521444ECC00339920 /* HomeVC.swift in Sources */,
				22D80DCD2143F23500F5CFDF /* BaseService.swift in Sources */,
				22D80DD12143F23500F5CFDF /* TrustPolicyManager.swift in Sources */,
				222D849B214450E200339920 /* UIView+Layout.swift in Sources */,
				222D849921444EEB00339920 /* CreateOrFindRideVC.swift in Sources */,
				22E126CF2144A52E00D60385 /* String+Dictionary.swift in Sources */,
				22E126C421448ADF00D60385 /* UIView+Animations.swift in Sources */,
				229F360F2144BF1900D087B1 /* RidesVC.swift in Sources */,
				22D80D112143F23400F5CFDF /* APIProvider.swift in Sources */,
				22D80E372143F86000F5CFDF /* APINotifications.swift in Sources */,
				22E126C72144A0AD00D60385 /* RideAPI.swift in Sources */,
				22D80E472143FF8E00F5CFDF /* LoginVC.swift in Sources */,
				22CF84F62144C854004C47C6 /* Direction.swift in Sources */,
			);
			runOnlyForDeploymentPostprocessing = 0;
		};
/* End PBXSourcesBuildPhase section */

/* Begin PBXVariantGroup section */
		22AD05E42143EFEE00ED9F90 /* Main.storyboard */ = {
			isa = PBXVariantGroup;
			children = (
				22AD05E52143EFEE00ED9F90 /* Base */,
			);
			name = Main.storyboard;
			sourceTree = "<group>";
		};
		22AD05E92143EFEF00ED9F90 /* LaunchScreen.storyboard */ = {
			isa = PBXVariantGroup;
			children = (
				22AD05EA2143EFEF00ED9F90 /* Base */,
			);
			name = LaunchScreen.storyboard;
			sourceTree = "<group>";
		};
/* End PBXVariantGroup section */

/* Begin XCBuildConfiguration section */
		22AD05ED2143EFEF00ED9F90 /* Debug */ = {
			isa = XCBuildConfiguration;
			buildSettings = {
				ALWAYS_SEARCH_USER_PATHS = NO;
				CLANG_ANALYZER_NONNULL = YES;
				CLANG_ANALYZER_NUMBER_OBJECT_CONVERSION = YES_AGGRESSIVE;
				CLANG_CXX_LANGUAGE_STANDARD = "gnu++14";
				CLANG_CXX_LIBRARY = "libc++";
				CLANG_ENABLE_MODULES = YES;
				CLANG_ENABLE_OBJC_ARC = YES;
				CLANG_ENABLE_OBJC_WEAK = YES;
				CLANG_WARN_BLOCK_CAPTURE_AUTORELEASING = YES;
				CLANG_WARN_BOOL_CONVERSION = YES;
				CLANG_WARN_COMMA = YES;
				CLANG_WARN_CONSTANT_CONVERSION = YES;
				CLANG_WARN_DEPRECATED_OBJC_IMPLEMENTATIONS = YES;
				CLANG_WARN_DIRECT_OBJC_ISA_USAGE = YES_ERROR;
				CLANG_WARN_DOCUMENTATION_COMMENTS = YES;
				CLANG_WARN_EMPTY_BODY = YES;
				CLANG_WARN_ENUM_CONVERSION = YES;
				CLANG_WARN_INFINITE_RECURSION = YES;
				CLANG_WARN_INT_CONVERSION = YES;
				CLANG_WARN_NON_LITERAL_NULL_CONVERSION = YES;
				CLANG_WARN_OBJC_IMPLICIT_RETAIN_SELF = YES;
				CLANG_WARN_OBJC_LITERAL_CONVERSION = YES;
				CLANG_WARN_OBJC_ROOT_CLASS = YES_ERROR;
				CLANG_WARN_RANGE_LOOP_ANALYSIS = YES;
				CLANG_WARN_STRICT_PROTOTYPES = YES;
				CLANG_WARN_SUSPICIOUS_MOVE = YES;
				CLANG_WARN_UNGUARDED_AVAILABILITY = YES_AGGRESSIVE;
				CLANG_WARN_UNREACHABLE_CODE = YES;
				CLANG_WARN__DUPLICATE_METHOD_MATCH = YES;
				CODE_SIGN_IDENTITY = "iPhone Developer";
				COPY_PHASE_STRIP = NO;
				DEBUG_INFORMATION_FORMAT = dwarf;
				ENABLE_STRICT_OBJC_MSGSEND = YES;
				ENABLE_TESTABILITY = YES;
				GCC_C_LANGUAGE_STANDARD = gnu11;
				GCC_DYNAMIC_NO_PIC = NO;
				GCC_NO_COMMON_BLOCKS = YES;
				GCC_OPTIMIZATION_LEVEL = 0;
				GCC_PREPROCESSOR_DEFINITIONS = (
					"DEBUG=1",
					"$(inherited)",
				);
				GCC_WARN_64_TO_32_BIT_CONVERSION = YES;
				GCC_WARN_ABOUT_RETURN_TYPE = YES_ERROR;
				GCC_WARN_UNDECLARED_SELECTOR = YES;
				GCC_WARN_UNINITIALIZED_AUTOS = YES_AGGRESSIVE;
				GCC_WARN_UNUSED_FUNCTION = YES;
				GCC_WARN_UNUSED_VARIABLE = YES;
				IPHONEOS_DEPLOYMENT_TARGET = 11.3;
				MTL_ENABLE_DEBUG_INFO = YES;
				ONLY_ACTIVE_ARCH = YES;
				SDKROOT = iphoneos;
				SWIFT_ACTIVE_COMPILATION_CONDITIONS = DEBUG;
				SWIFT_OPTIMIZATION_LEVEL = "-Onone";
			};
			name = Debug;
		};
		22AD05EE2143EFEF00ED9F90 /* Release */ = {
			isa = XCBuildConfiguration;
			buildSettings = {
				ALWAYS_SEARCH_USER_PATHS = NO;
				CLANG_ANALYZER_NONNULL = YES;
				CLANG_ANALYZER_NUMBER_OBJECT_CONVERSION = YES_AGGRESSIVE;
				CLANG_CXX_LANGUAGE_STANDARD = "gnu++14";
				CLANG_CXX_LIBRARY = "libc++";
				CLANG_ENABLE_MODULES = YES;
				CLANG_ENABLE_OBJC_ARC = YES;
				CLANG_ENABLE_OBJC_WEAK = YES;
				CLANG_WARN_BLOCK_CAPTURE_AUTORELEASING = YES;
				CLANG_WARN_BOOL_CONVERSION = YES;
				CLANG_WARN_COMMA = YES;
				CLANG_WARN_CONSTANT_CONVERSION = YES;
				CLANG_WARN_DEPRECATED_OBJC_IMPLEMENTATIONS = YES;
				CLANG_WARN_DIRECT_OBJC_ISA_USAGE = YES_ERROR;
				CLANG_WARN_DOCUMENTATION_COMMENTS = YES;
				CLANG_WARN_EMPTY_BODY = YES;
				CLANG_WARN_ENUM_CONVERSION = YES;
				CLANG_WARN_INFINITE_RECURSION = YES;
				CLANG_WARN_INT_CONVERSION = YES;
				CLANG_WARN_NON_LITERAL_NULL_CONVERSION = YES;
				CLANG_WARN_OBJC_IMPLICIT_RETAIN_SELF = YES;
				CLANG_WARN_OBJC_LITERAL_CONVERSION = YES;
				CLANG_WARN_OBJC_ROOT_CLASS = YES_ERROR;
				CLANG_WARN_RANGE_LOOP_ANALYSIS = YES;
				CLANG_WARN_STRICT_PROTOTYPES = YES;
				CLANG_WARN_SUSPICIOUS_MOVE = YES;
				CLANG_WARN_UNGUARDED_AVAILABILITY = YES_AGGRESSIVE;
				CLANG_WARN_UNREACHABLE_CODE = YES;
				CLANG_WARN__DUPLICATE_METHOD_MATCH = YES;
				CODE_SIGN_IDENTITY = "iPhone Developer";
				COPY_PHASE_STRIP = NO;
				DEBUG_INFORMATION_FORMAT = "dwarf-with-dsym";
				ENABLE_NS_ASSERTIONS = NO;
				ENABLE_STRICT_OBJC_MSGSEND = YES;
				GCC_C_LANGUAGE_STANDARD = gnu11;
				GCC_NO_COMMON_BLOCKS = YES;
				GCC_WARN_64_TO_32_BIT_CONVERSION = YES;
				GCC_WARN_ABOUT_RETURN_TYPE = YES_ERROR;
				GCC_WARN_UNDECLARED_SELECTOR = YES;
				GCC_WARN_UNINITIALIZED_AUTOS = YES_AGGRESSIVE;
				GCC_WARN_UNUSED_FUNCTION = YES;
				GCC_WARN_UNUSED_VARIABLE = YES;
				IPHONEOS_DEPLOYMENT_TARGET = 11.3;
				MTL_ENABLE_DEBUG_INFO = NO;
				SDKROOT = iphoneos;
				SWIFT_COMPILATION_MODE = wholemodule;
				SWIFT_OPTIMIZATION_LEVEL = "-O";
				VALIDATE_PRODUCT = YES;
			};
			name = Release;
		};
		22AD05F02143EFEF00ED9F90 /* Debug */ = {
			isa = XCBuildConfiguration;
			baseConfigurationReference = B7025003403A272C235DE6BE /* Pods-eMOVE.debug.xcconfig */;
			buildSettings = {
				ASSETCATALOG_COMPILER_APPICON_NAME = AppIcon;
				CODE_SIGN_STYLE = Automatic;
				DEVELOPMENT_TEAM = YQ42N9F655;
				INFOPLIST_FILE = eMOVE/Info.plist;
				LD_RUNPATH_SEARCH_PATHS = (
					"$(inherited)",
					"@executable_path/Frameworks",
				);
				PRODUCT_BUNDLE_IDENTIFIER = com.danteinternational.eMOVE;
				PRODUCT_NAME = "$(TARGET_NAME)";
				SWIFT_VERSION = 4.0;
				TARGETED_DEVICE_FAMILY = "1,2";
			};
			name = Debug;
		};
		22AD05F12143EFEF00ED9F90 /* Release */ = {
			isa = XCBuildConfiguration;
			baseConfigurationReference = 33DFA3B184E17E7B31EA859C /* Pods-eMOVE.release.xcconfig */;
			buildSettings = {
				ASSETCATALOG_COMPILER_APPICON_NAME = AppIcon;
				CODE_SIGN_STYLE = Automatic;
				DEVELOPMENT_TEAM = YQ42N9F655;
				INFOPLIST_FILE = eMOVE/Info.plist;
				LD_RUNPATH_SEARCH_PATHS = (
					"$(inherited)",
					"@executable_path/Frameworks",
				);
				PRODUCT_BUNDLE_IDENTIFIER = com.danteinternational.eMOVE;
				PRODUCT_NAME = "$(TARGET_NAME)";
				SWIFT_VERSION = 4.0;
				TARGETED_DEVICE_FAMILY = "1,2";
			};
			name = Release;
		};
/* End XCBuildConfiguration section */

/* Begin XCConfigurationList section */
		22AD05D82143EFEE00ED9F90 /* Build configuration list for PBXProject "eMOVE" */ = {
			isa = XCConfigurationList;
			buildConfigurations = (
				22AD05ED2143EFEF00ED9F90 /* Debug */,
				22AD05EE2143EFEF00ED9F90 /* Release */,
			);
			defaultConfigurationIsVisible = 0;
			defaultConfigurationName = Release;
		};
		22AD05EF2143EFEF00ED9F90 /* Build configuration list for PBXNativeTarget "eMOVE" */ = {
			isa = XCConfigurationList;
			buildConfigurations = (
				22AD05F02143EFEF00ED9F90 /* Debug */,
				22AD05F12143EFEF00ED9F90 /* Release */,
			);
			defaultConfigurationIsVisible = 0;
			defaultConfigurationName = Release;
		};
/* End XCConfigurationList section */
	};
	rootObject = 22AD05D52143EFEE00ED9F90 /* Project object */;
}
