// !$*UTF8*$!
{
	archiveVersion = 1;
	classes = {
	};
	objectVersion = 50;
	objects = {

/* Begin PBXBuildFile section */
		22AD05E12143EFEE00ED9F90 /* AppDelegate.swift in Sources */ = {isa = PBXBuildFile; fileRef = 22AD05E02143EFEE00ED9F90 /* AppDelegate.swift */; };
		22AD05E32143EFEE00ED9F90 /* ViewController.swift in Sources */ = {isa = PBXBuildFile; fileRef = 22AD05E22143EFEE00ED9F90 /* ViewController.swift */; };
		22AD05E62143EFEE00ED9F90 /* Main.storyboard in Resources */ = {isa = PBXBuildFile; fileRef = 22AD05E42143EFEE00ED9F90 /* Main.storyboard */; };
		22AD05E82143EFEF00ED9F90 /* Assets.xcassets in Resources */ = {isa = PBXBuildFile; fileRef = 22AD05E72143EFEF00ED9F90 /* Assets.xcassets */; };
		22AD05EB2143EFEF00ED9F90 /* LaunchScreen.storyboard in Resources */ = {isa = PBXBuildFile; fileRef = 22AD05E92143EFEF00ED9F90 /* LaunchScreen.storyboard */; };
		689132A9FC819B5ACEBE2A20 /* Pods_eMOVE.framework in Frameworks */ = {isa = PBXBuildFile; fileRef = 9515DAEDBAEB5C2A67116C53 /* Pods_eMOVE.framework */; };
/* End PBXBuildFile section */

/* Begin PBXFileReference section */
		22AD05DD2143EFEE00ED9F90 /* eMOVE.app */ = {isa = PBXFileReference; explicitFileType = wrapper.application; includeInIndex = 0; path = eMOVE.app; sourceTree = BUILT_PRODUCTS_DIR; };
		22AD05E02143EFEE00ED9F90 /* AppDelegate.swift */ = {isa = PBXFileReference; lastKnownFileType = sourcecode.swift; path = AppDelegate.swift; sourceTree = "<group>"; };
		22AD05E22143EFEE00ED9F90 /* ViewController.swift */ = {isa = PBXFileReference; lastKnownFileType = sourcecode.swift; path = ViewController.swift; sourceTree = "<group>"; };
		22AD05E52143EFEE00ED9F90 /* Base */ = {isa = PBXFileReference; lastKnownFileType = file.storyboard; name = Base; path = Base.lproj/Main.storyboard; sourceTree = "<group>"; };
		22AD05E72143EFEF00ED9F90 /* Assets.xcassets */ = {isa = PBXFileReference; lastKnownFileType = folder.assetcatalog; path = Assets.xcassets; sourceTree = "<group>"; };
		22AD05EA2143EFEF00ED9F90 /* Base */ = {isa = PBXFileReference; lastKnownFileType = file.storyboard; name = Base; path = Base.lproj/LaunchScreen.storyboard; sourceTree = "<group>"; };
		22AD05EC2143EFEF00ED9F90 /* Info.plist */ = {isa = PBXFileReference; lastKnownFileType = text.plist.xml; path = Info.plist; sourceTree = "<group>"; };
		33DFA3B184E17E7B31EA859C /* Pods-eMOVE.release.xcconfig */ = {isa = PBXFileReference; includeInIndex = 1; lastKnownFileType = text.xcconfig; name = "Pods-eMOVE.release.xcconfig"; path = "Pods/Target Support Files/Pods-eMOVE/Pods-eMOVE.release.xcconfig"; sourceTree = "<group>"; };
		9515DAEDBAEB5C2A67116C53 /* Pods_eMOVE.framework */ = {isa = PBXFileReference; explicitFileType = wrapper.framework; includeInIndex = 0; path = Pods_eMOVE.framework; sourceTree = BUILT_PRODUCTS_DIR; };
		B7025003403A272C235DE6BE /* Pods-eMOVE.debug.xcconfig */ = {isa = PBXFileReference; includeInIndex = 1; lastKnownFileType = text.xcconfig; name = "Pods-eMOVE.debug.xcconfig"; path = "Pods/Target Support Files/Pods-eMOVE/Pods-eMOVE.debug.xcconfig"; sourceTree = "<group>"; };
/* End PBXFileReference section */

/* Begin PBXFrameworksBuildPhase section */
		22AD05DA2143EFEE00ED9F90 /* Frameworks */ = {
			isa = PBXFrameworksBuildPhase;
			buildActionMask = 2147483647;
			files = (
				689132A9FC819B5ACEBE2A20 /* Pods_eMOVE.framework in Frameworks */,
			);
			runOnlyForDeploymentPostprocessing = 0;
		};
/* End PBXFrameworksBuildPhase section */

/* Begin PBXGroup section */
		22AD05D42143EFEE00ED9F90 = {
			isa = PBXGroup;
			children = (
				22AD05DF2143EFEE00ED9F90 /* eMOVE */,
				22AD05DE2143EFEE00ED9F90 /* Products */,
				FC2EE9AEDC1F1DE94CE15E4E /* Pods */,
				FD91F3DCAD45772D8FDBF521 /* Frameworks */,
			);
			sourceTree = "<group>";
		};
		22AD05DE2143EFEE00ED9F90 /* Products */ = {
			isa = PBXGroup;
			children = (
				22AD05DD2143EFEE00ED9F90 /* eMOVE.app */,
			);
			name = Products;
			sourceTree = "<group>";
		};
		22AD05DF2143EFEE00ED9F90 /* eMOVE */ = {
			isa = PBXGroup;
			children = (
				22AD05E02143EFEE00ED9F90 /* AppDelegate.swift */,
				22AD05E22143EFEE00ED9F90 /* ViewController.swift */,
				22AD05E42143EFEE00ED9F90 /* Main.storyboard */,
				22AD05E72143EFEF00ED9F90 /* Assets.xcassets */,
				22AD05E92143EFEF00ED9F90 /* LaunchScreen.storyboard */,
				22AD05EC2143EFEF00ED9F90 /* Info.plist */,
			);
			path = eMOVE;
			sourceTree = "<group>";
		};
		FC2EE9AEDC1F1DE94CE15E4E /* Pods */ = {
			isa = PBXGroup;
			children = (
				B7025003403A272C235DE6BE /* Pods-eMOVE.debug.xcconfig */,
				33DFA3B184E17E7B31EA859C /* Pods-eMOVE.release.xcconfig */,
			);
			name = Pods;
			sourceTree = "<group>";
		};
		FD91F3DCAD45772D8FDBF521 /* Frameworks */ = {
			isa = PBXGroup;
			children = (
				9515DAEDBAEB5C2A67116C53 /* Pods_eMOVE.framework */,
			);
			name = Frameworks;
			sourceTree = "<group>";
		};
/* End PBXGroup section */

/* Begin PBXNativeTarget section */
		22AD05DC2143EFEE00ED9F90 /* eMOVE */ = {
			isa = PBXNativeTarget;
			buildConfigurationList = 22AD05EF2143EFEF00ED9F90 /* Build configuration list for PBXNativeTarget "eMOVE" */;
			buildPhases = (
				6DA45B45BA7E0FB8368023B3 /* [CP] Check Pods Manifest.lock */,
				22AD05D92143EFEE00ED9F90 /* Sources */,
				22AD05DA2143EFEE00ED9F90 /* Frameworks */,
				22AD05DB2143EFEE00ED9F90 /* Resources */,
				F7CD9D9EB06D22A8424FDD1C /* [CP] Embed Pods Frameworks */,
			);
			buildRules = (
			);
			dependencies = (
			);
			name = eMOVE;
			productName = eMOVE;
			productReference = 22AD05DD2143EFEE00ED9F90 /* eMOVE.app */;
			productType = "com.apple.product-type.application";
		};
/* End PBXNativeTarget section */

/* Begin PBXProject section */
		22AD05D52143EFEE00ED9F90 /* Project object */ = {
			isa = PBXProject;
			attributes = {
				LastSwiftUpdateCheck = 0930;
				LastUpgradeCheck = 0930;
				ORGANIZATIONNAME = "Bogdan Matasaru";
				TargetAttributes = {
					22AD05DC2143EFEE00ED9F90 = {
						CreatedOnToolsVersion = 9.3.1;
					};
				};
			};
			buildConfigurationList = 22AD05D82143EFEE00ED9F90 /* Build configuration list for PBXProject "eMOVE" */;
			compatibilityVersion = "Xcode 9.3";
			developmentRegion = en;
			hasScannedForEncodings = 0;
			knownRegions = (
				en,
				Base,
			);
			mainGroup = 22AD05D42143EFEE00ED9F90;
			productRefGroup = 22AD05DE2143EFEE00ED9F90 /* Products */;
			projectDirPath = "";
			projectRoot = "";
			targets = (
				22AD05DC2143EFEE00ED9F90 /* eMOVE */,
			);
		};
/* End PBXProject section */

/* Begin PBXResourcesBuildPhase section */
		22AD05DB2143EFEE00ED9F90 /* Resources */ = {
			isa = PBXResourcesBuildPhase;
			buildActionMask = 2147483647;
			files = (
				22AD05EB2143EFEF00ED9F90 /* LaunchScreen.storyboard in Resources */,
				22AD05E82143EFEF00ED9F90 /* Assets.xcassets in Resources */,
				22AD05E62143EFEE00ED9F90 /* Main.storyboard in Resources */,
			);
			runOnlyForDeploymentPostprocessing = 0;
		};
/* End PBXResourcesBuildPhase section */

/* Begin PBXShellScriptBuildPhase section */
		6DA45B45BA7E0FB8368023B3 /* [CP] Check Pods Manifest.lock */ = {
			isa = PBXShellScriptBuildPhase;
			buildActionMask = 2147483647;
			files = (
			);
			inputPaths = (
				"${PODS_PODFILE_DIR_PATH}/Podfile.lock",
				"${PODS_ROOT}/Manifest.lock",
			);
			name = "[CP] Check Pods Manifest.lock";
			outputPaths = (
				"$(DERIVED_FILE_DIR)/Pods-eMOVE-checkManifestLockResult.txt",
			);
			runOnlyForDeploymentPostprocessing = 0;
			shellPath = /bin/sh;
			shellScript = "diff \"${PODS_PODFILE_DIR_PATH}/Podfile.lock\" \"${PODS_ROOT}/Manifest.lock\" > /dev/null\nif [ $? != 0 ] ; then\n    # print error to STDERR\n    echo \"error: The sandbox is not in sync with the Podfile.lock. Run 'pod install' or update your CocoaPods installation.\" >&2\n    exit 1\nfi\n# This output is used by Xcode 'outputs' to avoid re-running this script phase.\necho \"SUCCESS\" > \"${SCRIPT_OUTPUT_FILE_0}\"\n";
			showEnvVarsInLog = 0;
		};
		F7CD9D9EB06D22A8424FDD1C /* [CP] Embed Pods Frameworks */ = {
			isa = PBXShellScriptBuildPhase;
			buildActionMask = 2147483647;
			files = (
			);
			inputPaths = (
				"${SRCROOT}/Pods/Target Support Files/Pods-eMOVE/Pods-eMOVE-frameworks.sh",
				"${BUILT_PRODUCTS_DIR}/Bolts/Bolts.framework",
				"${BUILT_PRODUCTS_DIR}/FBSDKCoreKit/FBSDKCoreKit.framework",
				"${BUILT_PRODUCTS_DIR}/FBSDKLoginKit/FBSDKLoginKit.framework",
			);
			name = "[CP] Embed Pods Frameworks";
			outputPaths = (
				"${TARGET_BUILD_DIR}/${FRAMEWORKS_FOLDER_PATH}/Bolts.framework",
				"${TARGET_BUILD_DIR}/${FRAMEWORKS_FOLDER_PATH}/FBSDKCoreKit.framework",
				"${TARGET_BUILD_DIR}/${FRAMEWORKS_FOLDER_PATH}/FBSDKLoginKit.framework",
			);
			runOnlyForDeploymentPostprocessing = 0;
			shellPath = /bin/sh;
			shellScript = "\"${SRCROOT}/Pods/Target Support Files/Pods-eMOVE/Pods-eMOVE-frameworks.sh\"\n";
			showEnvVarsInLog = 0;
		};
/* End PBXShellScriptBuildPhase section */

/* Begin PBXSourcesBuildPhase section */
		22AD05D92143EFEE00ED9F90 /* Sources */ = {
			isa = PBXSourcesBuildPhase;
			buildActionMask = 2147483647;
			files = (
				22AD05E32143EFEE00ED9F90 /* ViewController.swift in Sources */,
				22AD05E12143EFEE00ED9F90 /* AppDelegate.swift in Sources */,
			);
			runOnlyForDeploymentPostprocessing = 0;
		};
/* End PBXSourcesBuildPhase section */

/* Begin PBXVariantGroup section */
		22AD05E42143EFEE00ED9F90 /* Main.storyboard */ = {
			isa = PBXVariantGroup;
			children = (
				22AD05E52143EFEE00ED9F90 /* Base */,
			);
			name = Main.storyboard;
			sourceTree = "<group>";
		};
		22AD05E92143EFEF00ED9F90 /* LaunchScreen.storyboard */ = {
			isa = PBXVariantGroup;
			children = (
				22AD05EA2143EFEF00ED9F90 /* Base */,
			);
			name = LaunchScreen.storyboard;
			sourceTree = "<group>";
		};
/* End PBXVariantGroup section */

/* Begin XCBuildConfiguration section */
		22AD05ED2143EFEF00ED9F90 /* Debug */ = {
			isa = XCBuildConfiguration;
			buildSettings = {
				ALWAYS_SEARCH_USER_PATHS = NO;
				CLANG_ANALYZER_NONNULL = YES;
				CLANG_ANALYZER_NUMBER_OBJECT_CONVERSION = YES_AGGRESSIVE;
				CLANG_CXX_LANGUAGE_STANDARD = "gnu++14";
				CLANG_CXX_LIBRARY = "libc++";
				CLANG_ENABLE_MODULES = YES;
				CLANG_ENABLE_OBJC_ARC = YES;
				CLANG_ENABLE_OBJC_WEAK = YES;
				CLANG_WARN_BLOCK_CAPTURE_AUTORELEASING = YES;
				CLANG_WARN_BOOL_CONVERSION = YES;
				CLANG_WARN_COMMA = YES;
				CLANG_WARN_CONSTANT_CONVERSION = YES;
				CLANG_WARN_DEPRECATED_OBJC_IMPLEMENTATIONS = YES;
				CLANG_WARN_DIRECT_OBJC_ISA_USAGE = YES_ERROR;
				CLANG_WARN_DOCUMENTATION_COMMENTS = YES;
				CLANG_WARN_EMPTY_BODY = YES;
				CLANG_WARN_ENUM_CONVERSION = YES;
				CLANG_WARN_INFINITE_RECURSION = YES;
				CLANG_WARN_INT_CONVERSION = YES;
				CLANG_WARN_NON_LITERAL_NULL_CONVERSION = YES;
				CLANG_WARN_OBJC_IMPLICIT_RETAIN_SELF = YES;
				CLANG_WARN_OBJC_LITERAL_CONVERSION = YES;
				CLANG_WARN_OBJC_ROOT_CLASS = YES_ERROR;
				CLANG_WARN_RANGE_LOOP_ANALYSIS = YES;
				CLANG_WARN_STRICT_PROTOTYPES = YES;
				CLANG_WARN_SUSPICIOUS_MOVE = YES;
				CLANG_WARN_UNGUARDED_AVAILABILITY = YES_AGGRESSIVE;
				CLANG_WARN_UNREACHABLE_CODE = YES;
				CLANG_WARN__DUPLICATE_METHOD_MATCH = YES;
				CODE_SIGN_IDENTITY = "iPhone Developer";
				COPY_PHASE_STRIP = NO;
				DEBUG_INFORMATION_FORMAT = dwarf;
				ENABLE_STRICT_OBJC_MSGSEND = YES;
				ENABLE_TESTABILITY = YES;
				GCC_C_LANGUAGE_STANDARD = gnu11;
				GCC_DYNAMIC_NO_PIC = NO;
				GCC_NO_COMMON_BLOCKS = YES;
				GCC_OPTIMIZATION_LEVEL = 0;
				GCC_PREPROCESSOR_DEFINITIONS = (
					"DEBUG=1",
					"$(inherited)",
				);
				GCC_WARN_64_TO_32_BIT_CONVERSION = YES;
				GCC_WARN_ABOUT_RETURN_TYPE = YES_ERROR;
				GCC_WARN_UNDECLARED_SELECTOR = YES;
				GCC_WARN_UNINITIALIZED_AUTOS = YES_AGGRESSIVE;
				GCC_WARN_UNUSED_FUNCTION = YES;
				GCC_WARN_UNUSED_VARIABLE = YES;
				IPHONEOS_DEPLOYMENT_TARGET = 11.3;
				MTL_ENABLE_DEBUG_INFO = YES;
				ONLY_ACTIVE_ARCH = YES;
				SDKROOT = iphoneos;
				SWIFT_ACTIVE_COMPILATION_CONDITIONS = DEBUG;
				SWIFT_OPTIMIZATION_LEVEL = "-Onone";
			};
			name = Debug;
		};
		22AD05EE2143EFEF00ED9F90 /* Release */ = {
			isa = XCBuildConfiguration;
			buildSettings = {
				ALWAYS_SEARCH_USER_PATHS = NO;
				CLANG_ANALYZER_NONNULL = YES;
				CLANG_ANALYZER_NUMBER_OBJECT_CONVERSION = YES_AGGRESSIVE;
				CLANG_CXX_LANGUAGE_STANDARD = "gnu++14";
				CLANG_CXX_LIBRARY = "libc++";
				CLANG_ENABLE_MODULES = YES;
				CLANG_ENABLE_OBJC_ARC = YES;
				CLANG_ENABLE_OBJC_WEAK = YES;
				CLANG_WARN_BLOCK_CAPTURE_AUTORELEASING = YES;
				CLANG_WARN_BOOL_CONVERSION = YES;
				CLANG_WARN_COMMA = YES;
				CLANG_WARN_CONSTANT_CONVERSION = YES;
				CLANG_WARN_DEPRECATED_OBJC_IMPLEMENTATIONS = YES;
				CLANG_WARN_DIRECT_OBJC_ISA_USAGE = YES_ERROR;
				CLANG_WARN_DOCUMENTATION_COMMENTS = YES;
				CLANG_WARN_EMPTY_BODY = YES;
				CLANG_WARN_ENUM_CONVERSION = YES;
				CLANG_WARN_INFINITE_RECURSION = YES;
				CLANG_WARN_INT_CONVERSION = YES;
				CLANG_WARN_NON_LITERAL_NULL_CONVERSION = YES;
				CLANG_WARN_OBJC_IMPLICIT_RETAIN_SELF = YES;
				CLANG_WARN_OBJC_LITERAL_CONVERSION = YES;
				CLANG_WARN_OBJC_ROOT_CLASS = YES_ERROR;
				CLANG_WARN_RANGE_LOOP_ANALYSIS = YES;
				CLANG_WARN_STRICT_PROTOTYPES = YES;
				CLANG_WARN_SUSPICIOUS_MOVE = YES;
				CLANG_WARN_UNGUARDED_AVAILABILITY = YES_AGGRESSIVE;
				CLANG_WARN_UNREACHABLE_CODE = YES;
				CLANG_WARN__DUPLICATE_METHOD_MATCH = YES;
				CODE_SIGN_IDENTITY = "iPhone Developer";
				COPY_PHASE_STRIP = NO;
				DEBUG_INFORMATION_FORMAT = "dwarf-with-dsym";
				ENABLE_NS_ASSERTIONS = NO;
				ENABLE_STRICT_OBJC_MSGSEND = YES;
				GCC_C_LANGUAGE_STANDARD = gnu11;
				GCC_NO_COMMON_BLOCKS = YES;
				GCC_WARN_64_TO_32_BIT_CONVERSION = YES;
				GCC_WARN_ABOUT_RETURN_TYPE = YES_ERROR;
				GCC_WARN_UNDECLARED_SELECTOR = YES;
				GCC_WARN_UNINITIALIZED_AUTOS = YES_AGGRESSIVE;
				GCC_WARN_UNUSED_FUNCTION = YES;
				GCC_WARN_UNUSED_VARIABLE = YES;
				IPHONEOS_DEPLOYMENT_TARGET = 11.3;
				MTL_ENABLE_DEBUG_INFO = NO;
				SDKROOT = iphoneos;
				SWIFT_COMPILATION_MODE = wholemodule;
				SWIFT_OPTIMIZATION_LEVEL = "-O";
				VALIDATE_PRODUCT = YES;
			};
			name = Release;
		};
		22AD05F02143EFEF00ED9F90 /* Debug */ = {
			isa = XCBuildConfiguration;
			baseConfigurationReference = B7025003403A272C235DE6BE /* Pods-eMOVE.debug.xcconfig */;
			buildSettings = {
				ASSETCATALOG_COMPILER_APPICON_NAME = AppIcon;
				CODE_SIGN_STYLE = Automatic;
				DEVELOPMENT_TEAM = YQ42N9F655;
				INFOPLIST_FILE = eMOVE/Info.plist;
				LD_RUNPATH_SEARCH_PATHS = (
					"$(inherited)",
					"@executable_path/Frameworks",
				);
				PRODUCT_BUNDLE_IDENTIFIER = com.danteinternational.eMOVE;
				PRODUCT_NAME = "$(TARGET_NAME)";
				SWIFT_VERSION = 4.0;
				TARGETED_DEVICE_FAMILY = "1,2";
			};
			name = Debug;
		};
		22AD05F12143EFEF00ED9F90 /* Release */ = {
			isa = XCBuildConfiguration;
			baseConfigurationReference = 33DFA3B184E17E7B31EA859C /* Pods-eMOVE.release.xcconfig */;
			buildSettings = {
				ASSETCATALOG_COMPILER_APPICON_NAME = AppIcon;
				CODE_SIGN_STYLE = Automatic;
				DEVELOPMENT_TEAM = YQ42N9F655;
				INFOPLIST_FILE = eMOVE/Info.plist;
				LD_RUNPATH_SEARCH_PATHS = (
					"$(inherited)",
					"@executable_path/Frameworks",
				);
				PRODUCT_BUNDLE_IDENTIFIER = com.danteinternational.eMOVE;
				PRODUCT_NAME = "$(TARGET_NAME)";
				SWIFT_VERSION = 4.0;
				TARGETED_DEVICE_FAMILY = "1,2";
			};
			name = Release;
		};
/* End XCBuildConfiguration section */

/* Begin XCConfigurationList section */
		22AD05D82143EFEE00ED9F90 /* Build configuration list for PBXProject "eMOVE" */ = {
			isa = XCConfigurationList;
			buildConfigurations = (
				22AD05ED2143EFEF00ED9F90 /* Debug */,
				22AD05EE2143EFEF00ED9F90 /* Release */,
			);
			defaultConfigurationIsVisible = 0;
			defaultConfigurationName = Release;
		};
		22AD05EF2143EFEF00ED9F90 /* Build configuration list for PBXNativeTarget "eMOVE" */ = {
			isa = XCConfigurationList;
			buildConfigurations = (
				22AD05F02143EFEF00ED9F90 /* Debug */,
				22AD05F12143EFEF00ED9F90 /* Release */,
			);
			defaultConfigurationIsVisible = 0;
			defaultConfigurationName = Release;
		};
/* End XCConfigurationList section */
	};
	rootObject = 22AD05D52143EFEE00ED9F90 /* Project object */;
}
